
Microsoft Visual Studio Solution File, Format Version 12.00
# Visual Studio Version 16
VisualStudioVersion = 16.0.31605.320
MinimumVisualStudioVersion = 10.0.40219.1
Project("{FAE04EC0-301F-11D3-BF4B-00C04F79EFBC}") = "Data", "Data\Data.csproj", "{6AB3CCA4-DCCA-4892-A891-47393E0C2482}"
EndProject
Project("{FAE04EC0-301F-11D3-BF4B-00C04F79EFBC}") = "Domain", "Domain\Domain.csproj", "{17C57029-50EA-4189-8E57-E3320C434B63}"
EndProject
Project("{FAE04EC0-301F-11D3-BF4B-00C04F79EFBC}") = "Library", "Library\Library.csproj", "{9FE5FF08-DE69-4744-B36F-B64F154CA9BE}"
EndProject
Global
	GlobalSection(SolutionConfigurationPlatforms) = preSolution
		Debug|Any CPU = Debug|Any CPU
		Release|Any CPU = Release|Any CPU
	EndGlobalSection
	GlobalSection(ProjectConfigurationPlatforms) = postSolution
		{6AB3CCA4-DCCA-4892-A891-47393E0C2482}.Debug|Any CPU.ActiveCfg = Debug|Any CPU
		{6AB3CCA4-DCCA-4892-A891-47393E0C2482}.Debug|Any CPU.Build.0 = Debug|Any CPU
		{6AB3CCA4-DCCA-4892-A891-47393E0C2482}.Release|Any CPU.ActiveCfg = Release|Any CPU
		{6AB3CCA4-DCCA-4892-A891-47393E0C2482}.Release|Any CPU.Build.0 = Release|Any CPU
		{17C57029-50EA-4189-8E57-E3320C434B63}.Debug|Any CPU.ActiveCfg = Debug|Any CPU
		{17C57029-50EA-4189-8E57-E3320C434B63}.Debug|Any CPU.Build.0 = Debug|Any CPU
		{17C57029-50EA-4189-8E57-E3320C434B63}.Release|Any CPU.ActiveCfg = Release|Any CPU
		{17C57029-50EA-4189-8E57-E3320C434B63}.Release|Any CPU.Build.0 = Release|Any CPU
		{9FE5FF08-DE69-4744-B36F-B64F154CA9BE}.Debug|Any CPU.ActiveCfg = Debug|Any CPU
		{9FE5FF08-DE69-4744-B36F-B64F154CA9BE}.Debug|Any CPU.Build.0 = Debug|Any CPU
		{9FE5FF08-DE69-4744-B36F-B64F154CA9BE}.Release|Any CPU.ActiveCfg = Release|Any CPU
		{9FE5FF08-DE69-4744-B36F-B64F154CA9BE}.Release|Any CPU.Build.0 = Release|Any CPU
	EndGlobalSection
	GlobalSection(SolutionProperties) = preSolution
		HideSolutionNode = FALSE
	EndGlobalSection
	GlobalSection(ExtensibilityGlobals) = postSolution
		SolutionGuid = {A5AFAB76-F4CA-4751-8560-7E7065D59FE2}
	EndGlobalSection
EndGlobal
